
Microsoft Visual Studio Solution File, Format Version 12.00
# Visual Studio Version 17
VisualStudioVersion = 17.2.32519.379
MinimumVisualStudioVersion = 10.0.40219.1
Project("{FAE04EC0-301F-11D3-BF4B-00C04F79EFBC}") = "DapperEFCoreAPI", "DapperEFCoreAPI\DapperEFCoreAPI.csproj", "{F149CE66-AABE-418D-A5AE-7E9222540834}"
EndProject
Global
	GlobalSection(SolutionConfigurationPlatforms) = preSolution
		Debug|Any CPU = Debug|Any CPU
		Release|Any CPU = Release|Any CPU
	EndGlobalSection
	GlobalSection(ProjectConfigurationPlatforms) = postSolution
		{F149CE66-AABE-418D-A5AE-7E9222540834}.Debug|Any CPU.ActiveCfg = Debug|Any CPU
		{F149CE66-AABE-418D-A5AE-7E9222540834}.Debug|Any CPU.Build.0 = Debug|Any CPU
		{F149CE66-AABE-418D-A5AE-7E9222540834}.Release|Any CPU.ActiveCfg = Release|Any CPU
		{F149CE66-AABE-418D-A5AE-7E9222540834}.Release|Any CPU.Build.0 = Release|Any CPU
	EndGlobalSection
	GlobalSection(SolutionProperties) = preSolution
		HideSolutionNode = FALSE
	EndGlobalSection
	GlobalSection(ExtensibilityGlobals) = postSolution
		SolutionGuid = {6C2D7F75-D485-4665-913A-9A9FDAB75F2C}
	EndGlobalSection
EndGlobal
